
Microsoft Visual Studio Solution File, Format Version 12.00
# Visual Studio 2012
Project("{FAE04EC0-301F-11D3-BF4B-00C04F79EFBC}") = "generated", "src\generated\generated.csproj", "{0CDDD887-44A7-40C6-A5D6-F306A11ED0E3}"
EndProject
Project("{2150E333-8FDC-42A3-9474-1A3956D46DE8}") = "XDR", "XDR", "{10BB8127-5BCE-4BB1-95A5-2A08A6AA516F}"
	ProjectSection(SolutionItems) = preProject
		xdr\Stellar-ledger-entries.x = xdr\Stellar-ledger-entries.x
		xdr\Stellar-ledger.x = xdr\Stellar-ledger.x
		xdr\Stellar-overlay.x = xdr\Stellar-overlay.x
		xdr\Stellar-SCP.x = xdr\Stellar-SCP.x
		xdr\Stellar-transaction.x = xdr\Stellar-transaction.x
		xdr\Stellar-types.x = xdr\Stellar-types.x
	EndProjectSection
EndProject
Project("{2150E333-8FDC-42A3-9474-1A3956D46DE8}") = "Solution Items", "Solution Items", "{8DA2C387-5FCF-4955-A3C3-7D269BBA3538}"
	ProjectSection(SolutionItems) = preProject
		Rakefile = Rakefile
		README.md = README.md
	EndProjectSection
EndProject
Project("{FAE04EC0-301F-11D3-BF4B-00C04F79EFBC}") = "Chaos.NaCl", "Chaos.NaCl\Chaos.NaCl\Chaos.NaCl.csproj", "{8C01EC47-E513-47F3-858D-2F0525CE5B15}"
EndProject
Project("{FAE04EC0-301F-11D3-BF4B-00C04F79EFBC}") = "csharp-stellar-base", "src\csharp-stellar-base\csharp-stellar-base.csproj", "{96FF77C6-A287-4170-87F3-9B7A6233F335}"
EndProject
Project("{FAE04EC0-301F-11D3-BF4B-00C04F79EFBC}") = "Examples", "src\Examples\Examples.csproj", "{8FF9DB36-F628-4DF9-A767-A682078D45AC}"
EndProject
Project("{FAE04EC0-301F-11D3-BF4B-00C04F79EFBC}") = "csharp-stellar-base.Tests", "tests\csharp-stellar-base.Tests\csharp-stellar-base.Tests.csproj", "{79782E6D-437F-40AE-B338-F89E2CB58744}"
EndProject
Global
	GlobalSection(SolutionConfigurationPlatforms) = preSolution
		Debug|Any CPU = Debug|Any CPU
		Release|Any CPU = Release|Any CPU
	EndGlobalSection
	GlobalSection(ProjectConfigurationPlatforms) = postSolution
		{0CDDD887-44A7-40C6-A5D6-F306A11ED0E3}.Debug|Any CPU.ActiveCfg = Debug|Any CPU
		{0CDDD887-44A7-40C6-A5D6-F306A11ED0E3}.Debug|Any CPU.Build.0 = Debug|Any CPU
		{0CDDD887-44A7-40C6-A5D6-F306A11ED0E3}.Release|Any CPU.ActiveCfg = Release|Any CPU
		{0CDDD887-44A7-40C6-A5D6-F306A11ED0E3}.Release|Any CPU.Build.0 = Release|Any CPU
		{8C01EC47-E513-47F3-858D-2F0525CE5B15}.Debug|Any CPU.ActiveCfg = Debug|Any CPU
		{8C01EC47-E513-47F3-858D-2F0525CE5B15}.Debug|Any CPU.Build.0 = Debug|Any CPU
		{8C01EC47-E513-47F3-858D-2F0525CE5B15}.Release|Any CPU.ActiveCfg = Release|Any CPU
		{8C01EC47-E513-47F3-858D-2F0525CE5B15}.Release|Any CPU.Build.0 = Release|Any CPU
		{96FF77C6-A287-4170-87F3-9B7A6233F335}.Debug|Any CPU.ActiveCfg = Debug|Any CPU
		{96FF77C6-A287-4170-87F3-9B7A6233F335}.Debug|Any CPU.Build.0 = Debug|Any CPU
		{96FF77C6-A287-4170-87F3-9B7A6233F335}.Release|Any CPU.ActiveCfg = Release|Any CPU
		{96FF77C6-A287-4170-87F3-9B7A6233F335}.Release|Any CPU.Build.0 = Release|Any CPU
		{8FF9DB36-F628-4DF9-A767-A682078D45AC}.Debug|Any CPU.ActiveCfg = Debug|Any CPU
		{8FF9DB36-F628-4DF9-A767-A682078D45AC}.Debug|Any CPU.Build.0 = Debug|Any CPU
		{8FF9DB36-F628-4DF9-A767-A682078D45AC}.Release|Any CPU.ActiveCfg = Release|Any CPU
		{8FF9DB36-F628-4DF9-A767-A682078D45AC}.Release|Any CPU.Build.0 = Release|Any CPU
		{79782E6D-437F-40AE-B338-F89E2CB58744}.Debug|Any CPU.ActiveCfg = Debug|Any CPU
		{79782E6D-437F-40AE-B338-F89E2CB58744}.Debug|Any CPU.Build.0 = Debug|Any CPU
		{79782E6D-437F-40AE-B338-F89E2CB58744}.Release|Any CPU.ActiveCfg = Release|Any CPU
		{79782E6D-437F-40AE-B338-F89E2CB58744}.Release|Any CPU.Build.0 = Release|Any CPU
	EndGlobalSection
EndGlobal
